
Microsoft Visual Studio Solution File, Format Version 12.00
# Visual Studio 15
VisualStudioVersion = 15.0.27703.2035
MinimumVisualStudioVersion = 10.0.40219.1
Project("{FAE04EC0-301F-11D3-BF4B-00C04F79EFBC}") = "PharmacyManager", "PharmacyManager\PharmacyManager.csproj", "{770ED7CB-A83C-47E8-80DE-9FC9D1E63050}"
EndProject
Global
	GlobalSection(SolutionConfigurationPlatforms) = preSolution
		Debug|Any CPU = Debug|Any CPU
		Release|Any CPU = Release|Any CPU
	EndGlobalSection
	GlobalSection(ProjectConfigurationPlatforms) = postSolution
		{770ED7CB-A83C-47E8-80DE-9FC9D1E63050}.Debug|Any CPU.ActiveCfg = Debug|Any CPU
		{770ED7CB-A83C-47E8-80DE-9FC9D1E63050}.Debug|Any CPU.Build.0 = Debug|Any CPU
		{770ED7CB-A83C-47E8-80DE-9FC9D1E63050}.Release|Any CPU.ActiveCfg = Release|Any CPU
		{770ED7CB-A83C-47E8-80DE-9FC9D1E63050}.Release|Any CPU.Build.0 = Release|Any CPU
	EndGlobalSection
	GlobalSection(SolutionProperties) = preSolution
		HideSolutionNode = FALSE
	EndGlobalSection
	GlobalSection(ExtensibilityGlobals) = postSolution
		SolutionGuid = {2221B6A2-7114-4B87-B8C6-DF6DCAA3CAA9}
	EndGlobalSection
EndGlobal
